// !$*UTF8*$!
{
	archiveVersion = 1;
	classes = {
	};
	objectVersion = 46;
	objects = {

/* Begin PBXBuildFile section */
		545581161C663A82005E95E3 /* AppDelegate.swift in Sources */ = {isa = PBXBuildFile; fileRef = 545581151C663A82005E95E3 /* AppDelegate.swift */; };
		545581181C663A82005E95E3 /* ViewController.swift in Sources */ = {isa = PBXBuildFile; fileRef = 545581171C663A82005E95E3 /* ViewController.swift */; };
		5455811A1C663A82005E95E3 /* Assets.xcassets in Resources */ = {isa = PBXBuildFile; fileRef = 545581191C663A82005E95E3 /* Assets.xcassets */; };
		5455811D1C663A82005E95E3 /* Main.storyboard in Resources */ = {isa = PBXBuildFile; fileRef = 5455811B1C663A82005E95E3 /* Main.storyboard */; };
		545581281C663A82005E95E3 /* MKO_projectTests.swift in Sources */ = {isa = PBXBuildFile; fileRef = 545581271C663A82005E95E3 /* MKO_projectTests.swift */; };
		545581331C663A82005E95E3 /* MKO_projectUITests.swift in Sources */ = {isa = PBXBuildFile; fileRef = 545581321C663A82005E95E3 /* MKO_projectUITests.swift */; };
/* End PBXBuildFile section */

/* Begin PBXContainerItemProxy section */
		545581241C663A82005E95E3 /* PBXContainerItemProxy */ = {
			isa = PBXContainerItemProxy;
			containerPortal = 5455810A1C663A82005E95E3 /* Project object */;
			proxyType = 1;
			remoteGlobalIDString = 545581111C663A82005E95E3;
			remoteInfo = "MKO project";
		};
		5455812F1C663A82005E95E3 /* PBXContainerItemProxy */ = {
			isa = PBXContainerItemProxy;
			containerPortal = 5455810A1C663A82005E95E3 /* Project object */;
			proxyType = 1;
			remoteGlobalIDString = 545581111C663A82005E95E3;
			remoteInfo = "MKO project";
		};
/* End PBXContainerItemProxy section */

/* Begin PBXFileReference section */
		545581121C663A82005E95E3 /* MKO project.app */ = {isa = PBXFileReference; explicitFileType = wrapper.application; includeInIndex = 0; path = "MKO project.app"; sourceTree = BUILT_PRODUCTS_DIR; };
		545581151C663A82005E95E3 /* AppDelegate.swift */ = {isa = PBXFileReference; lastKnownFileType = sourcecode.swift; path = AppDelegate.swift; sourceTree = "<group>"; };
		545581171C663A82005E95E3 /* ViewController.swift */ = {isa = PBXFileReference; lastKnownFileType = sourcecode.swift; path = ViewController.swift; sourceTree = "<group>"; };
		545581191C663A82005E95E3 /* Assets.xcassets */ = {isa = PBXFileReference; lastKnownFileType = folder.assetcatalog; path = Assets.xcassets; sourceTree = "<group>"; };
		5455811C1C663A82005E95E3 /* Base */ = {isa = PBXFileReference; lastKnownFileType = file.storyboard; name = Base; path = Base.lproj/Main.storyboard; sourceTree = "<group>"; };
		5455811E1C663A82005E95E3 /* Info.plist */ = {isa = PBXFileReference; lastKnownFileType = text.plist.xml; path = Info.plist; sourceTree = "<group>"; };
		545581231C663A82005E95E3 /* MKO projectTests.xctest */ = {isa = PBXFileReference; explicitFileType = wrapper.cfbundle; includeInIndex = 0; path = "MKO projectTests.xctest"; sourceTree = BUILT_PRODUCTS_DIR; };
		545581271C663A82005E95E3 /* MKO_projectTests.swift */ = {isa = PBXFileReference; lastKnownFileType = sourcecode.swift; path = MKO_projectTests.swift; sourceTree = "<group>"; };
		545581291C663A82005E95E3 /* Info.plist */ = {isa = PBXFileReference; lastKnownFileType = text.plist.xml; path = Info.plist; sourceTree = "<group>"; };
		5455812E1C663A82005E95E3 /* MKO projectUITests.xctest */ = {isa = PBXFileReference; explicitFileType = wrapper.cfbundle; includeInIndex = 0; path = "MKO projectUITests.xctest"; sourceTree = BUILT_PRODUCTS_DIR; };
		545581321C663A82005E95E3 /* MKO_projectUITests.swift */ = {isa = PBXFileReference; lastKnownFileType = sourcecode.swift; path = MKO_projectUITests.swift; sourceTree = "<group>"; };
		545581341C663A82005E95E3 /* Info.plist */ = {isa = PBXFileReference; lastKnownFileType = text.plist.xml; path = Info.plist; sourceTree = "<group>"; };
/* End PBXFileReference section */

/* Begin PBXFrameworksBuildPhase section */
		5455810F1C663A82005E95E3 /* Frameworks */ = {
			isa = PBXFrameworksBuildPhase;
			buildActionMask = 2147483647;
			files = (
			);
			runOnlyForDeploymentPostprocessing = 0;
		};
		545581201C663A82005E95E3 /* Frameworks */ = {
			isa = PBXFrameworksBuildPhase;
			buildActionMask = 2147483647;
			files = (
			);
			runOnlyForDeploymentPostprocessing = 0;
		};
		5455812B1C663A82005E95E3 /* Frameworks */ = {
			isa = PBXFrameworksBuildPhase;
			buildActionMask = 2147483647;
			files = (
			);
			runOnlyForDeploymentPostprocessing = 0;
		};
/* End PBXFrameworksBuildPhase section */

/* Begin PBXGroup section */
		545581091C663A82005E95E3 = {
			isa = PBXGroup;
			children = (
				545581141C663A82005E95E3 /* MKO project */,
				545581261C663A82005E95E3 /* MKO projectTests */,
				545581311C663A82005E95E3 /* MKO projectUITests */,
				545581131C663A82005E95E3 /* Products */,
			);
			sourceTree = "<group>";
		};
		545581131C663A82005E95E3 /* Products */ = {
			isa = PBXGroup;
			children = (
				545581121C663A82005E95E3 /* MKO project.app */,
				545581231C663A82005E95E3 /* MKO projectTests.xctest */,
				5455812E1C663A82005E95E3 /* MKO projectUITests.xctest */,
			);
			name = Products;
			sourceTree = "<group>";
		};
		545581141C663A82005E95E3 /* MKO project */ = {
			isa = PBXGroup;
			children = (
				545581151C663A82005E95E3 /* AppDelegate.swift */,
				545581171C663A82005E95E3 /* ViewController.swift */,
				545581191C663A82005E95E3 /* Assets.xcassets */,
				5455811B1C663A82005E95E3 /* Main.storyboard */,
				5455811E1C663A82005E95E3 /* Info.plist */,
			);
			path = "MKO project";
			sourceTree = "<group>";
		};
		545581261C663A82005E95E3 /* MKO projectTests */ = {
			isa = PBXGroup;
			children = (
				545581271C663A82005E95E3 /* MKO_projectTests.swift */,
				545581291C663A82005E95E3 /* Info.plist */,
			);
			path = "MKO projectTests";
			sourceTree = "<group>";
		};
		545581311C663A82005E95E3 /* MKO projectUITests */ = {
			isa = PBXGroup;
			children = (
				545581321C663A82005E95E3 /* MKO_projectUITests.swift */,
				545581341C663A82005E95E3 /* Info.plist */,
			);
			path = "MKO projectUITests";
			sourceTree = "<group>";
		};
/* End PBXGroup section */

/* Begin PBXNativeTarget section */
		545581111C663A82005E95E3 /* MKO project */ = {
			isa = PBXNativeTarget;
			buildConfigurationList = 545581371C663A82005E95E3 /* Build configuration list for PBXNativeTarget "MKO project" */;
			buildPhases = (
				5455810E1C663A82005E95E3 /* Sources */,
				5455810F1C663A82005E95E3 /* Frameworks */,
				545581101C663A82005E95E3 /* Resources */,
			);
			buildRules = (
			);
			dependencies = (
			);
			name = "MKO project";
			productName = "MKO project";
			productReference = 545581121C663A82005E95E3 /* MKO project.app */;
			productType = "com.apple.product-type.application";
		};
		545581221C663A82005E95E3 /* MKO projectTests */ = {
			isa = PBXNativeTarget;
			buildConfigurationList = 5455813A1C663A82005E95E3 /* Build configuration list for PBXNativeTarget "MKO projectTests" */;
			buildPhases = (
				5455811F1C663A82005E95E3 /* Sources */,
				545581201C663A82005E95E3 /* Frameworks */,
				545581211C663A82005E95E3 /* Resources */,
			);
			buildRules = (
			);
			dependencies = (
				545581251C663A82005E95E3 /* PBXTargetDependency */,
			);
			name = "MKO projectTests";
			productName = "MKO projectTests";
			productReference = 545581231C663A82005E95E3 /* MKO projectTests.xctest */;
			productType = "com.apple.product-type.bundle.unit-test";
		};
		5455812D1C663A82005E95E3 /* MKO projectUITests */ = {
			isa = PBXNativeTarget;
			buildConfigurationList = 5455813D1C663A82005E95E3 /* Build configuration list for PBXNativeTarget "MKO projectUITests" */;
			buildPhases = (
				5455812A1C663A82005E95E3 /* Sources */,
				5455812B1C663A82005E95E3 /* Frameworks */,
				5455812C1C663A82005E95E3 /* Resources */,
			);
			buildRules = (
			);
			dependencies = (
				545581301C663A82005E95E3 /* PBXTargetDependency */,
			);
			name = "MKO projectUITests";
			productName = "MKO projectUITests";
			productReference = 5455812E1C663A82005E95E3 /* MKO projectUITests.xctest */;
			productType = "com.apple.product-type.bundle.ui-testing";
		};
/* End PBXNativeTarget section */

/* Begin PBXProject section */
		5455810A1C663A82005E95E3 /* Project object */ = {
			isa = PBXProject;
			attributes = {
				LastSwiftUpdateCheck = 0720;
				LastUpgradeCheck = 0720;
				ORGANIZATIONNAME = NikRom;
				TargetAttributes = {
					545581111C663A82005E95E3 = {
						CreatedOnToolsVersion = 7.2.1;
					};
					545581221C663A82005E95E3 = {
						CreatedOnToolsVersion = 7.2.1;
						TestTargetID = 545581111C663A82005E95E3;
					};
					5455812D1C663A82005E95E3 = {
						CreatedOnToolsVersion = 7.2.1;
						TestTargetID = 545581111C663A82005E95E3;
					};
				};
			};
			buildConfigurationList = 5455810D1C663A82005E95E3 /* Build configuration list for PBXProject "MKO project" */;
			compatibilityVersion = "Xcode 3.2";
			developmentRegion = English;
			hasScannedForEncodings = 0;
			knownRegions = (
				en,
				Base,
			);
			mainGroup = 545581091C663A82005E95E3;
			productRefGroup = 545581131C663A82005E95E3 /* Products */;
			projectDirPath = "";
			projectRoot = "";
			targets = (
				545581111C663A82005E95E3 /* MKO project */,
				545581221C663A82005E95E3 /* MKO projectTests */,
				5455812D1C663A82005E95E3 /* MKO projectUITests */,
			);
		};
/* End PBXProject section */

/* Begin PBXResourcesBuildPhase section */
		545581101C663A82005E95E3 /* Resources */ = {
			isa = PBXResourcesBuildPhase;
			buildActionMask = 2147483647;
			files = (
				5455811A1C663A82005E95E3 /* Assets.xcassets in Resources */,
				5455811D1C663A82005E95E3 /* Main.storyboard in Resources */,
			);
			runOnlyForDeploymentPostprocessing = 0;
		};
		545581211C663A82005E95E3 /* Resources */ = {
			isa = PBXResourcesBuildPhase;
			buildActionMask = 2147483647;
			files = (
			);
			runOnlyForDeploymentPostprocessing = 0;
		};
		5455812C1C663A82005E95E3 /* Resources */ = {
			isa = PBXResourcesBuildPhase;
			buildActionMask = 2147483647;
			files = (
			);
			runOnlyForDeploymentPostprocessing = 0;
		};
/* End PBXResourcesBuildPhase section */

/* Begin PBXSourcesBuildPhase section */
		5455810E1C663A82005E95E3 /* Sources */ = {
			isa = PBXSourcesBuildPhase;
			buildActionMask = 2147483647;
			files = (
				545581181C663A82005E95E3 /* ViewController.swift in Sources */,
				545581161C663A82005E95E3 /* AppDelegate.swift in Sources */,
			);
			runOnlyForDeploymentPostprocessing = 0;
		};
		5455811F1C663A82005E95E3 /* Sources */ = {
			isa = PBXSourcesBuildPhase;
			buildActionMask = 2147483647;
			files = (
				545581281C663A82005E95E3 /* MKO_projectTests.swift in Sources */,
			);
			runOnlyForDeploymentPostprocessing = 0;
		};
		5455812A1C663A82005E95E3 /* Sources */ = {
			isa = PBXSourcesBuildPhase;
			buildActionMask = 2147483647;
			files = (
				545581331C663A82005E95E3 /* MKO_projectUITests.swift in Sources */,
			);
			runOnlyForDeploymentPostprocessing = 0;
		};
/* End PBXSourcesBuildPhase section */

/* Begin PBXTargetDependency section */
		545581251C663A82005E95E3 /* PBXTargetDependency */ = {
			isa = PBXTargetDependency;
			target = 545581111C663A82005E95E3 /* MKO project */;
			targetProxy = 545581241C663A82005E95E3 /* PBXContainerItemProxy */;
		};
		545581301C663A82005E95E3 /* PBXTargetDependency */ = {
			isa = PBXTargetDependency;
			target = 545581111C663A82005E95E3 /* MKO project */;
			targetProxy = 5455812F1C663A82005E95E3 /* PBXContainerItemProxy */;
		};
/* End PBXTargetDependency section */

/* Begin PBXVariantGroup section */
		5455811B1C663A82005E95E3 /* Main.storyboard */ = {
			isa = PBXVariantGroup;
			children = (
				5455811C1C663A82005E95E3 /* Base */,
			);
			name = Main.storyboard;
			sourceTree = "<group>";
		};
/* End PBXVariantGroup section */

/* Begin XCBuildConfiguration section */
		545581351C663A82005E95E3 /* Debug */ = {
			isa = XCBuildConfiguration;
			buildSettings = {
				ALWAYS_SEARCH_USER_PATHS = NO;
				CLANG_CXX_LANGUAGE_STANDARD = "gnu++0x";
				CLANG_CXX_LIBRARY = "libc++";
				CLANG_ENABLE_MODULES = YES;
				CLANG_ENABLE_OBJC_ARC = YES;
				CLANG_WARN_BOOL_CONVERSION = YES;
				CLANG_WARN_CONSTANT_CONVERSION = YES;
				CLANG_WARN_DIRECT_OBJC_ISA_USAGE = YES_ERROR;
				CLANG_WARN_EMPTY_BODY = YES;
				CLANG_WARN_ENUM_CONVERSION = YES;
				CLANG_WARN_INT_CONVERSION = YES;
				CLANG_WARN_OBJC_ROOT_CLASS = YES_ERROR;
				CLANG_WARN_UNREACHABLE_CODE = YES;
				CLANG_WARN__DUPLICATE_METHOD_MATCH = YES;
				CODE_SIGN_IDENTITY = "-";
				COPY_PHASE_STRIP = NO;
				DEBUG_INFORMATION_FORMAT = dwarf;
				ENABLE_STRICT_OBJC_MSGSEND = YES;
				ENABLE_TESTABILITY = YES;
				GCC_C_LANGUAGE_STANDARD = gnu99;
				GCC_DYNAMIC_NO_PIC = NO;
				GCC_NO_COMMON_BLOCKS = YES;
				GCC_OPTIMIZATION_LEVEL = 0;
				GCC_PREPROCESSOR_DEFINITIONS = (
					"DEBUG=1",
					"$(inherited)",
				);
				GCC_WARN_64_TO_32_BIT_CONVERSION = YES;
				GCC_WARN_ABOUT_RETURN_TYPE = YES_ERROR;
				GCC_WARN_UNDECLARED_SELECTOR = YES;
				GCC_WARN_UNINITIALIZED_AUTOS = YES_AGGRESSIVE;
				GCC_WARN_UNUSED_FUNCTION = YES;
				GCC_WARN_UNUSED_VARIABLE = YES;
				MACOSX_DEPLOYMENT_TARGET = 10.11;
				MTL_ENABLE_DEBUG_INFO = YES;
				ONLY_ACTIVE_ARCH = YES;
				SDKROOT = macosx;
				SWIFT_OPTIMIZATION_LEVEL = "-Onone";
			};
			name = Debug;
		};
		545581361C663A82005E95E3 /* Release */ = {
			isa = XCBuildConfiguration;
			buildSettings = {
				ALWAYS_SEARCH_USER_PATHS = NO;
				CLANG_CXX_LANGUAGE_STANDARD = "gnu++0x";
				CLANG_CXX_LIBRARY = "libc++";
				CLANG_ENABLE_MODULES = YES;
				CLANG_ENABLE_OBJC_ARC = YES;
				CLANG_WARN_BOOL_CONVERSION = YES;
				CLANG_WARN_CONSTANT_CONVERSION = YES;
				CLANG_WARN_DIRECT_OBJC_ISA_USAGE = YES_ERROR;
				CLANG_WARN_EMPTY_BODY = YES;
				CLANG_WARN_ENUM_CONVERSION = YES;
				CLANG_WARN_INT_CONVERSION = YES;
				CLANG_WARN_OBJC_ROOT_CLASS = YES_ERROR;
				CLANG_WARN_UNREACHABLE_CODE = YES;
				CLANG_WARN__DUPLICATE_METHOD_MATCH = YES;
				CODE_SIGN_IDENTITY = "-";
				COPY_PHASE_STRIP = NO;
				DEBUG_INFORMATION_FORMAT = "dwarf-with-dsym";
				ENABLE_NS_ASSERTIONS = NO;
				ENABLE_STRICT_OBJC_MSGSEND = YES;
				GCC_C_LANGUAGE_STANDARD = gnu99;
				GCC_NO_COMMON_BLOCKS = YES;
				GCC_WARN_64_TO_32_BIT_CONVERSION = YES;
				GCC_WARN_ABOUT_RETURN_TYPE = YES_ERROR;
				GCC_WARN_UNDECLARED_SELECTOR = YES;
				GCC_WARN_UNINITIALIZED_AUTOS = YES_AGGRESSIVE;
				GCC_WARN_UNUSED_FUNCTION = YES;
				GCC_WARN_UNUSED_VARIABLE = YES;
				MACOSX_DEPLOYMENT_TARGET = 10.11;
				MTL_ENABLE_DEBUG_INFO = NO;
				SDKROOT = macosx;
			};
			name = Release;
		};
		545581381C663A82005E95E3 /* Debug */ = {
			isa = XCBuildConfiguration;
			buildSettings = {
				ASSETCATALOG_COMPILER_APPICON_NAME = AppIcon;
				COMBINE_HIDPI_IMAGES = YES;
				INFOPLIST_FILE = "MKO project/Info.plist";
				LD_RUNPATH_SEARCH_PATHS = "$(inherited) @executable_path/../Frameworks";
				PRODUCT_BUNDLE_IDENTIFIER = "the-unbelievable.MKO-project";
				PRODUCT_NAME = "$(TARGET_NAME)";
			};
			name = Debug;
		};
		545581391C663A82005E95E3 /* Release */ = {
			isa = XCBuildConfiguration;
			buildSettings = {
				ASSETCATALOG_COMPILER_APPICON_NAME = AppIcon;
				COMBINE_HIDPI_IMAGES = YES;
				INFOPLIST_FILE = "MKO project/Info.plist";
				LD_RUNPATH_SEARCH_PATHS = "$(inherited) @executable_path/../Frameworks";
				PRODUCT_BUNDLE_IDENTIFIER = "the-unbelievable.MKO-project";
				PRODUCT_NAME = "$(TARGET_NAME)";
			};
			name = Release;
		};
		5455813B1C663A82005E95E3 /* Debug */ = {
			isa = XCBuildConfiguration;
			buildSettings = {
				BUNDLE_LOADER = "$(TEST_HOST)";
				COMBINE_HIDPI_IMAGES = YES;
				INFOPLIST_FILE = "MKO projectTests/Info.plist";
				LD_RUNPATH_SEARCH_PATHS = "$(inherited) @executable_path/../Frameworks @loader_path/../Frameworks";
				PRODUCT_BUNDLE_IDENTIFIER = "the-unbelievable.MKO-projectTests";
				PRODUCT_NAME = "$(TARGET_NAME)";
				TEST_HOST = "$(BUILT_PRODUCTS_DIR)/MKO project.app/Contents/MacOS/MKO project";
			};
			name = Debug;
		};
		5455813C1C663A82005E95E3 /* Release */ = {
			isa = XCBuildConfiguration;
			buildSettings = {
				BUNDLE_LOADER = "$(TEST_HOST)";
				COMBINE_HIDPI_IMAGES = YES;
				INFOPLIST_FILE = "MKO projectTests/Info.plist";
				LD_RUNPATH_SEARCH_PATHS = "$(inherited) @executable_path/../Frameworks @loader_path/../Frameworks";
				PRODUCT_BUNDLE_IDENTIFIER = "the-unbelievable.MKO-projectTests";
				PRODUCT_NAME = "$(TARGET_NAME)";
				TEST_HOST = "$(BUILT_PRODUCTS_DIR)/MKO project.app/Contents/MacOS/MKO project";
			};
			name = Release;
		};
		5455813E1C663A82005E95E3 /* Debug */ = {
			isa = XCBuildConfiguration;
			buildSettings = {
				COMBINE_HIDPI_IMAGES = YES;
				INFOPLIST_FILE = "MKO projectUITests/Info.plist";
				LD_RUNPATH_SEARCH_PATHS = "$(inherited) @executable_path/../Frameworks @loader_path/../Frameworks";
				PRODUCT_BUNDLE_IDENTIFIER = "the-unbelievable.MKO-projectUITests";
				PRODUCT_NAME = "$(TARGET_NAME)";
				TEST_TARGET_NAME = "MKO project";
				USES_XCTRUNNER = YES;
			};
			name = Debug;
		};
		5455813F1C663A82005E95E3 /* Release */ = {
			isa = XCBuildConfiguration;
			buildSettings = {
				COMBINE_HIDPI_IMAGES = YES;
				INFOPLIST_FILE = "MKO projectUITests/Info.plist";
				LD_RUNPATH_SEARCH_PATHS = "$(inherited) @executable_path/../Frameworks @loader_path/../Frameworks";
				PRODUCT_BUNDLE_IDENTIFIER = "the-unbelievable.MKO-projectUITests";
				PRODUCT_NAME = "$(TARGET_NAME)";
				TEST_TARGET_NAME = "MKO project";
				USES_XCTRUNNER = YES;
			};
			name = Release;
		};
/* End XCBuildConfiguration section */

/* Begin XCConfigurationList section */
		5455810D1C663A82005E95E3 /* Build configuration list for PBXProject "MKO project" */ = {
			isa = XCConfigurationList;
			buildConfigurations = (
				545581351C663A82005E95E3 /* Debug */,
				545581361C663A82005E95E3 /* Release */,
			);
			defaultConfigurationIsVisible = 0;
			defaultConfigurationName = Release;
		};
		545581371C663A82005E95E3 /* Build configuration list for PBXNativeTarget "MKO project" */ = {
			isa = XCConfigurationList;
			buildConfigurations = (
				545581381C663A82005E95E3 /* Debug */,
				545581391C663A82005E95E3 /* Release */,
			);
			defaultConfigurationIsVisible = 0;
		};
		5455813A1C663A82005E95E3 /* Build configuration list for PBXNativeTarget "MKO projectTests" */ = {
			isa = XCConfigurationList;
			buildConfigurations = (
				5455813B1C663A82005E95E3 /* Debug */,
				5455813C1C663A82005E95E3 /* Release */,
			);
			defaultConfigurationIsVisible = 0;
		};
		5455813D1C663A82005E95E3 /* Build configuration list for PBXNativeTarget "MKO projectUITests" */ = {
			isa = XCConfigurationList;
			buildConfigurations = (
				5455813E1C663A82005E95E3 /* Debug */,
				5455813F1C663A82005E95E3 /* Release */,
			);
			defaultConfigurationIsVisible = 0;
		};
/* End XCConfigurationList section */
	};
	rootObject = 5455810A1C663A82005E95E3 /* Project object */;
}
